
Microsoft Visual Studio Solution File, Format Version 12.00
Project("{FAE04EC0-301F-11D3-BF4B-00C04F79EFBC}") = "Jellyfin.Plugin.IMVDb", "Jellyfin.Plugin.IMVDb\Jellyfin.Plugin.IMVDb.csproj", "{6DD2CD4D-6168-4DA4-AAF8-FDC03A8BA441}"
EndProject
Global
	GlobalSection(SolutionConfigurationPlatforms) = preSolution
		Debug|Any CPU = Debug|Any CPU
		Release|Any CPU = Release|Any CPU
	EndGlobalSection
	GlobalSection(ProjectConfigurationPlatforms) = postSolution
		{6DD2CD4D-6168-4DA4-AAF8-FDC03A8BA441}.Debug|Any CPU.ActiveCfg = Debug|Any CPU
		{6DD2CD4D-6168-4DA4-AAF8-FDC03A8BA441}.Debug|Any CPU.Build.0 = Debug|Any CPU
		{6DD2CD4D-6168-4DA4-AAF8-FDC03A8BA441}.Release|Any CPU.ActiveCfg = Release|Any CPU
		{6DD2CD4D-6168-4DA4-AAF8-FDC03A8BA441}.Release|Any CPU.Build.0 = Release|Any CPU
	EndGlobalSection
EndGlobal
